
Microsoft Visual Studio Solution File, Format Version 12.00
# Visual Studio Version 17
VisualStudioVersion = 17.5.33414.496
MinimumVisualStudioVersion = 10.0.40219.1
Project("{FAE04EC0-301F-11D3-BF4B-00C04F79EFBC}") = "Projeto_DA", "Projeto_DA\Projeto_DA.csproj", "{90A039DC-DE8B-4DFE-9612-5C223C9B108A}"
EndProject
Global
	GlobalSection(SolutionConfigurationPlatforms) = preSolution
		Debug|Any CPU = Debug|Any CPU
		Release|Any CPU = Release|Any CPU
	EndGlobalSection
	GlobalSection(ProjectConfigurationPlatforms) = postSolution
		{90A039DC-DE8B-4DFE-9612-5C223C9B108A}.Debug|Any CPU.ActiveCfg = Debug|Any CPU
		{90A039DC-DE8B-4DFE-9612-5C223C9B108A}.Debug|Any CPU.Build.0 = Debug|Any CPU
		{90A039DC-DE8B-4DFE-9612-5C223C9B108A}.Release|Any CPU.ActiveCfg = Release|Any CPU
		{90A039DC-DE8B-4DFE-9612-5C223C9B108A}.Release|Any CPU.Build.0 = Release|Any CPU
	EndGlobalSection
	GlobalSection(SolutionProperties) = preSolution
		HideSolutionNode = FALSE
	EndGlobalSection
	GlobalSection(ExtensibilityGlobals) = postSolution
		SolutionGuid = {3F9EB96F-4DB7-41C8-B602-F994A80FA4DA}
	EndGlobalSection
EndGlobal
